
Microsoft Visual Studio Solution File, Format Version 12.00
# Visual Studio 15
VisualStudioVersion = 15.0.28307.421
MinimumVisualStudioVersion = 10.0.40219.1
Project("{8BC9CEB8-8B4A-11D0-8D11-00A0C91BC942}") = "diary", "diary\diary.vcxproj", "{771497BB-0A8B-46D5-98F4-1E9B78F6031C}"
EndProject
Global
	GlobalSection(SolutionConfigurationPlatforms) = preSolution
		Debug|x64 = Debug|x64
		Debug|x86 = Debug|x86
		Release|x64 = Release|x64
		Release|x86 = Release|x86
	EndGlobalSection
	GlobalSection(ProjectConfigurationPlatforms) = postSolution
		{771497BB-0A8B-46D5-98F4-1E9B78F6031C}.Debug|x64.ActiveCfg = Debug|x64
		{771497BB-0A8B-46D5-98F4-1E9B78F6031C}.Debug|x64.Build.0 = Debug|x64
		{771497BB-0A8B-46D5-98F4-1E9B78F6031C}.Debug|x86.ActiveCfg = Debug|Win32
		{771497BB-0A8B-46D5-98F4-1E9B78F6031C}.Debug|x86.Build.0 = Debug|Win32
		{771497BB-0A8B-46D5-98F4-1E9B78F6031C}.Release|x64.ActiveCfg = Release|x64
		{771497BB-0A8B-46D5-98F4-1E9B78F6031C}.Release|x64.Build.0 = Release|x64
		{771497BB-0A8B-46D5-98F4-1E9B78F6031C}.Release|x86.ActiveCfg = Release|Win32
		{771497BB-0A8B-46D5-98F4-1E9B78F6031C}.Release|x86.Build.0 = Release|Win32
	EndGlobalSection
	GlobalSection(SolutionProperties) = preSolution
		HideSolutionNode = FALSE
	EndGlobalSection
	GlobalSection(ExtensibilityGlobals) = postSolution
		SolutionGuid = {6E5E5707-083D-48A4-A4A1-DE96589EFF92}
	EndGlobalSection
EndGlobal
